
Microsoft Visual Studio Solution File, Format Version 12.00
# Visual Studio Version 17
VisualStudioVersion = 17.5.33530.505
MinimumVisualStudioVersion = 10.0.40219.1
Project("{FAE04EC0-301F-11D3-BF4B-00C04F79EFBC}") = "ProjetoAula04", "ProjetoAula04\ProjetoAula04.csproj", "{5F3258C0-93CE-4D82-9CFA-45FE3179C2BA}"
EndProject
Global
	GlobalSection(SolutionConfigurationPlatforms) = preSolution
		Debug|Any CPU = Debug|Any CPU
		Release|Any CPU = Release|Any CPU
	EndGlobalSection
	GlobalSection(ProjectConfigurationPlatforms) = postSolution
		{5F3258C0-93CE-4D82-9CFA-45FE3179C2BA}.Debug|Any CPU.ActiveCfg = Debug|Any CPU
		{5F3258C0-93CE-4D82-9CFA-45FE3179C2BA}.Debug|Any CPU.Build.0 = Debug|Any CPU
		{5F3258C0-93CE-4D82-9CFA-45FE3179C2BA}.Release|Any CPU.ActiveCfg = Release|Any CPU
		{5F3258C0-93CE-4D82-9CFA-45FE3179C2BA}.Release|Any CPU.Build.0 = Release|Any CPU
	EndGlobalSection
	GlobalSection(SolutionProperties) = preSolution
		HideSolutionNode = FALSE
	EndGlobalSection
	GlobalSection(ExtensibilityGlobals) = postSolution
		SolutionGuid = {F3936EDB-A9F7-4608-92C6-865330B3E1AE}
	EndGlobalSection
EndGlobal
